
Microsoft Visual Studio Solution File, Format Version 12.00
# Visual Studio Version 17
VisualStudioVersion = 17.9.34728.123
MinimumVisualStudioVersion = 10.0.40219.1
Project("{9A19103F-16F7-4668-BE54-9A1E7A4F7556}") = "UltimateMahjongConnect.Server.WebApi.Net", "Ultimate Mahjong Connect\UltimateMahjongConnect.Server.WebApi.Net.csproj", "{CED99A4E-1A45-4342-86FE-010097A73843}"
EndProject
Project("{9A19103F-16F7-4668-BE54-9A1E7A4F7556}") = "UltimateMahjongConnect.Service", "UltimateMahjongConnect.Business.Core.Net\UltimateMahjongConnect.Service.csproj", "{FD9D5288-E1F0-4085-AAA8-54D20EDC7153}"
EndProject
Project("{9A19103F-16F7-4668-BE54-9A1E7A4F7556}") = "UltimateMahjongConnect.Core", "UltimateMahjongConnect.Core.Net\UltimateMahjongConnect.Core.csproj", "{18062C86-A6DD-4DA4-B2B4-950E2F8ABCCE}"
EndProject
Project("{9A19103F-16F7-4668-BE54-9A1E7A4F7556}") = "MahjongGame.Verifier", "MahjongGame.Verifier\MahjongGame.Verifier.csproj", "{E30FA038-B144-48E8-92C1-5EF4284A6673}"
EndProject
Project("{9A19103F-16F7-4668-BE54-9A1E7A4F7556}") = "UltimateMahjongConnect.Test", "UltimateMahjongConnect.Test\UltimateMahjongConnect.Test.csproj", "{E4698391-84D0-4492-B0F0-6054738D0EF0}"
	ProjectSection(ProjectDependencies) = postProject
		{18062C86-A6DD-4DA4-B2B4-950E2F8ABCCE} = {18062C86-A6DD-4DA4-B2B4-950E2F8ABCCE}
		{FD9D5288-E1F0-4085-AAA8-54D20EDC7153} = {FD9D5288-E1F0-4085-AAA8-54D20EDC7153}
	EndProjectSection
EndProject
Project("{9A19103F-16F7-4668-BE54-9A1E7A4F7556}") = "UltimateMahjongConnect.Database", "UltimateMahjongConnect.Database.Net\UltimateMahjongConnect.Database.csproj", "{DBFC7A75-4E09-4F4F-9452-04DC4FB69C17}"
EndProject
Project("{9A19103F-16F7-4668-BE54-9A1E7A4F7556}") = "UltimateMahjongConnect.UI.WPF", "UltimateMahjongConnect.UI.WPF\UltimateMahjongConnect.UI.WPF.csproj", "{B5193643-8717-4856-8A23-4FD72D71D7AB}"
EndProject
Project("{FAE04EC0-301F-11D3-BF4B-00C04F79EFBC}") = "UltimateMahjongConnect.UI.WPF.Tests", "UltimateMahjongConnect.UI.WPF.Tests\UltimateMahjongConnect.UI.WPF.Tests.csproj", "{AFFD7328-4BAD-4C17-89ED-71626DD913B9}"
EndProject
Global
	GlobalSection(SolutionConfigurationPlatforms) = preSolution
		Debug|Any CPU = Debug|Any CPU
		Release|Any CPU = Release|Any CPU
	EndGlobalSection
	GlobalSection(ProjectConfigurationPlatforms) = postSolution
		{CED99A4E-1A45-4342-86FE-010097A73843}.Debug|Any CPU.ActiveCfg = Debug|Any CPU
		{CED99A4E-1A45-4342-86FE-010097A73843}.Debug|Any CPU.Build.0 = Debug|Any CPU
		{CED99A4E-1A45-4342-86FE-010097A73843}.Release|Any CPU.ActiveCfg = Release|Any CPU
		{CED99A4E-1A45-4342-86FE-010097A73843}.Release|Any CPU.Build.0 = Release|Any CPU
		{FD9D5288-E1F0-4085-AAA8-54D20EDC7153}.Debug|Any CPU.ActiveCfg = Debug|Any CPU
		{FD9D5288-E1F0-4085-AAA8-54D20EDC7153}.Debug|Any CPU.Build.0 = Debug|Any CPU
		{FD9D5288-E1F0-4085-AAA8-54D20EDC7153}.Release|Any CPU.ActiveCfg = Release|Any CPU
		{FD9D5288-E1F0-4085-AAA8-54D20EDC7153}.Release|Any CPU.Build.0 = Release|Any CPU
		{18062C86-A6DD-4DA4-B2B4-950E2F8ABCCE}.Debug|Any CPU.ActiveCfg = Debug|Any CPU
		{18062C86-A6DD-4DA4-B2B4-950E2F8ABCCE}.Debug|Any CPU.Build.0 = Debug|Any CPU
		{18062C86-A6DD-4DA4-B2B4-950E2F8ABCCE}.Release|Any CPU.ActiveCfg = Release|Any CPU
		{18062C86-A6DD-4DA4-B2B4-950E2F8ABCCE}.Release|Any CPU.Build.0 = Release|Any CPU
		{E30FA038-B144-48E8-92C1-5EF4284A6673}.Debug|Any CPU.ActiveCfg = Debug|Any CPU
		{E30FA038-B144-48E8-92C1-5EF4284A6673}.Debug|Any CPU.Build.0 = Debug|Any CPU
		{E30FA038-B144-48E8-92C1-5EF4284A6673}.Release|Any CPU.ActiveCfg = Release|Any CPU
		{E30FA038-B144-48E8-92C1-5EF4284A6673}.Release|Any CPU.Build.0 = Release|Any CPU
		{E4698391-84D0-4492-B0F0-6054738D0EF0}.Debug|Any CPU.ActiveCfg = Debug|Any CPU
		{E4698391-84D0-4492-B0F0-6054738D0EF0}.Debug|Any CPU.Build.0 = Debug|Any CPU
		{E4698391-84D0-4492-B0F0-6054738D0EF0}.Release|Any CPU.ActiveCfg = Release|Any CPU
		{E4698391-84D0-4492-B0F0-6054738D0EF0}.Release|Any CPU.Build.0 = Release|Any CPU
		{DBFC7A75-4E09-4F4F-9452-04DC4FB69C17}.Debug|Any CPU.ActiveCfg = Debug|Any CPU
		{DBFC7A75-4E09-4F4F-9452-04DC4FB69C17}.Debug|Any CPU.Build.0 = Debug|Any CPU
		{DBFC7A75-4E09-4F4F-9452-04DC4FB69C17}.Release|Any CPU.ActiveCfg = Release|Any CPU
		{DBFC7A75-4E09-4F4F-9452-04DC4FB69C17}.Release|Any CPU.Build.0 = Release|Any CPU
		{B5193643-8717-4856-8A23-4FD72D71D7AB}.Debug|Any CPU.ActiveCfg = Debug|Any CPU
		{B5193643-8717-4856-8A23-4FD72D71D7AB}.Debug|Any CPU.Build.0 = Debug|Any CPU
		{B5193643-8717-4856-8A23-4FD72D71D7AB}.Release|Any CPU.ActiveCfg = Release|Any CPU
		{B5193643-8717-4856-8A23-4FD72D71D7AB}.Release|Any CPU.Build.0 = Release|Any CPU
		{AFFD7328-4BAD-4C17-89ED-71626DD913B9}.Debug|Any CPU.ActiveCfg = Debug|Any CPU
		{AFFD7328-4BAD-4C17-89ED-71626DD913B9}.Debug|Any CPU.Build.0 = Debug|Any CPU
		{AFFD7328-4BAD-4C17-89ED-71626DD913B9}.Release|Any CPU.ActiveCfg = Release|Any CPU
		{AFFD7328-4BAD-4C17-89ED-71626DD913B9}.Release|Any CPU.Build.0 = Release|Any CPU
	EndGlobalSection
	GlobalSection(SolutionProperties) = preSolution
		HideSolutionNode = FALSE
	EndGlobalSection
	GlobalSection(ExtensibilityGlobals) = postSolution
		SolutionGuid = {2AAF200F-A262-4D34-A346-D9076055D0F9}
	EndGlobalSection
EndGlobal
