
Microsoft Visual Studio Solution File, Format Version 12.00
# Visual Studio Version 17
VisualStudioVersion = 17.9.34728.123
MinimumVisualStudioVersion = 10.0.40219.1
Project("{9A19103F-16F7-4668-BE54-9A1E7A4F7556}") = "UltimateMahjongConnect.Server.WebApi.Net", "Ultimate Mahjong Connect\UltimateMahjongConnect.Server.WebApi.Net.csproj", "{CED99A4E-1A45-4342-86FE-010097A73843}"
EndProject
Project("{FAE04EC0-301F-11D3-BF4B-00C04F79EFBC}") = "UltimateMahjongConnect.Business.Core.Net", "UltimateMahjongConnect.Business.Core.Net\UltimateMahjongConnect.Business.Core.Net.csproj", "{FD9D5288-E1F0-4085-AAA8-54D20EDC7153}"
EndProject
Project("{FAE04EC0-301F-11D3-BF4B-00C04F79EFBC}") = "UltimateMahjongConnect.Core.Net", "UltimateMahjongConnect.Core.Net\UltimateMahjongConnect.Core.Net.csproj", "{18062C86-A6DD-4DA4-B2B4-950E2F8ABCCE}"
EndProject
Global
	GlobalSection(SolutionConfigurationPlatforms) = preSolution
		Debug|Any CPU = Debug|Any CPU
		Release|Any CPU = Release|Any CPU
	EndGlobalSection
	GlobalSection(ProjectConfigurationPlatforms) = postSolution
		{CED99A4E-1A45-4342-86FE-010097A73843}.Debug|Any CPU.ActiveCfg = Debug|Any CPU
		{CED99A4E-1A45-4342-86FE-010097A73843}.Debug|Any CPU.Build.0 = Debug|Any CPU
		{CED99A4E-1A45-4342-86FE-010097A73843}.Release|Any CPU.ActiveCfg = Release|Any CPU
		{CED99A4E-1A45-4342-86FE-010097A73843}.Release|Any CPU.Build.0 = Release|Any CPU
		{FD9D5288-E1F0-4085-AAA8-54D20EDC7153}.Debug|Any CPU.ActiveCfg = Debug|Any CPU
		{FD9D5288-E1F0-4085-AAA8-54D20EDC7153}.Debug|Any CPU.Build.0 = Debug|Any CPU
		{FD9D5288-E1F0-4085-AAA8-54D20EDC7153}.Release|Any CPU.ActiveCfg = Release|Any CPU
		{FD9D5288-E1F0-4085-AAA8-54D20EDC7153}.Release|Any CPU.Build.0 = Release|Any CPU
		{18062C86-A6DD-4DA4-B2B4-950E2F8ABCCE}.Debug|Any CPU.ActiveCfg = Debug|Any CPU
		{18062C86-A6DD-4DA4-B2B4-950E2F8ABCCE}.Debug|Any CPU.Build.0 = Debug|Any CPU
		{18062C86-A6DD-4DA4-B2B4-950E2F8ABCCE}.Release|Any CPU.ActiveCfg = Release|Any CPU
		{18062C86-A6DD-4DA4-B2B4-950E2F8ABCCE}.Release|Any CPU.Build.0 = Release|Any CPU
	EndGlobalSection
	GlobalSection(SolutionProperties) = preSolution
		HideSolutionNode = FALSE
	EndGlobalSection
	GlobalSection(ExtensibilityGlobals) = postSolution
		SolutionGuid = {2AAF200F-A262-4D34-A346-D9076055D0F9}
	EndGlobalSection
EndGlobal
